
Microsoft Visual Studio Solution File, Format Version 12.00
# Visual Studio Version 16
VisualStudioVersion = 16.0.31729.503
MinimumVisualStudioVersion = 10.0.40219.1
Project("{FAE04EC0-301F-11D3-BF4B-00C04F79EFBC}") = "ConsoleApp19", "ConsoleApp19\ConsoleApp19.csproj", "{2D2D7102-C386-4769-B0EF-4A7A18F353F4}"
EndProject
Global
	GlobalSection(SolutionConfigurationPlatforms) = preSolution
		Debug|Any CPU = Debug|Any CPU
		Release|Any CPU = Release|Any CPU
	EndGlobalSection
	GlobalSection(ProjectConfigurationPlatforms) = postSolution
		{2D2D7102-C386-4769-B0EF-4A7A18F353F4}.Debug|Any CPU.ActiveCfg = Debug|Any CPU
		{2D2D7102-C386-4769-B0EF-4A7A18F353F4}.Debug|Any CPU.Build.0 = Debug|Any CPU
		{2D2D7102-C386-4769-B0EF-4A7A18F353F4}.Release|Any CPU.ActiveCfg = Release|Any CPU
		{2D2D7102-C386-4769-B0EF-4A7A18F353F4}.Release|Any CPU.Build.0 = Release|Any CPU
	EndGlobalSection
	GlobalSection(SolutionProperties) = preSolution
		HideSolutionNode = FALSE
	EndGlobalSection
	GlobalSection(ExtensibilityGlobals) = postSolution
		SolutionGuid = {B6A5E987-84C3-45EA-93FC-D94D25BFBA6B}
	EndGlobalSection
EndGlobal
